
Microsoft Visual Studio Solution File, Format Version 12.00
# Visual Studio Version 16
VisualStudioVersion = 16.0.30320.27
MinimumVisualStudioVersion = 10.0.40219.1
Project("{FAE04EC0-301F-11D3-BF4B-00C04F79EFBC}") = "AreaCalculator", "AreaCalculator.csproj", "{3B5F7200-0CE2-4A00-8231-E16610110481}"
EndProject
Project("{FAE04EC0-301F-11D3-BF4B-00C04F79EFBC}") = "ConsoleAreaCalculator", "..\ConsoleAreaCalculator\ConsoleAreaCalculator.csproj", "{82622C5A-3E4F-4719-83FD-348C5883E0B3}"
EndProject
Project("{FAE04EC0-301F-11D3-BF4B-00C04F79EFBC}") = "AreaCalculator.Tests", "..\AreaCalculator.Tests\AreaCalculator.Tests.csproj", "{F12EAE11-E210-4DAE-A6DA-65B5CB138ADC}"
EndProject
Global
	GlobalSection(SolutionConfigurationPlatforms) = preSolution
		Debug|Any CPU = Debug|Any CPU
		Release|Any CPU = Release|Any CPU
	EndGlobalSection
	GlobalSection(ProjectConfigurationPlatforms) = postSolution
		{3B5F7200-0CE2-4A00-8231-E16610110481}.Debug|Any CPU.ActiveCfg = Debug|Any CPU
		{3B5F7200-0CE2-4A00-8231-E16610110481}.Debug|Any CPU.Build.0 = Debug|Any CPU
		{3B5F7200-0CE2-4A00-8231-E16610110481}.Release|Any CPU.ActiveCfg = Release|Any CPU
		{3B5F7200-0CE2-4A00-8231-E16610110481}.Release|Any CPU.Build.0 = Release|Any CPU
		{82622C5A-3E4F-4719-83FD-348C5883E0B3}.Debug|Any CPU.ActiveCfg = Debug|Any CPU
		{82622C5A-3E4F-4719-83FD-348C5883E0B3}.Debug|Any CPU.Build.0 = Debug|Any CPU
		{82622C5A-3E4F-4719-83FD-348C5883E0B3}.Release|Any CPU.ActiveCfg = Release|Any CPU
		{82622C5A-3E4F-4719-83FD-348C5883E0B3}.Release|Any CPU.Build.0 = Release|Any CPU
		{F12EAE11-E210-4DAE-A6DA-65B5CB138ADC}.Debug|Any CPU.ActiveCfg = Debug|Any CPU
		{F12EAE11-E210-4DAE-A6DA-65B5CB138ADC}.Debug|Any CPU.Build.0 = Debug|Any CPU
		{F12EAE11-E210-4DAE-A6DA-65B5CB138ADC}.Release|Any CPU.ActiveCfg = Release|Any CPU
		{F12EAE11-E210-4DAE-A6DA-65B5CB138ADC}.Release|Any CPU.Build.0 = Release|Any CPU
	EndGlobalSection
	GlobalSection(SolutionProperties) = preSolution
		HideSolutionNode = FALSE
	EndGlobalSection
	GlobalSection(ExtensibilityGlobals) = postSolution
		SolutionGuid = {DCD090E5-D12D-42AB-B300-306AE146318C}
	EndGlobalSection
EndGlobal
